{
    

    "name": "doggy-dex-top-lvl",
    

    "lockfileVersion": 3,
    

    "requires": true,
    

    "packages": {
    

        

    "": {
    

        

        

    "name": "doggy-dex-top-lvl",
    

        

        

    "engines": {
    

        

        

        

    "node": "18.14.0"
    

        

        

    }
    

        

    }
    

    }
}
